
Microsoft Visual Studio Solution File, Format Version 12.00
# Visual Studio Version 16
VisualStudioVersion = 16.0.29409.12
MinimumVisualStudioVersion = 10.0.40219.1
Project("{9A19103F-16F7-4668-BE54-9A1E7A4F7556}") = "Auth.UI.UWP", "src\Auth.UI.UWP\Auth.UI.UWP.csproj", "{5DA67B23-1735-4021-A6A1-0637FEE30A4C}"
EndProject
Project("{9A19103F-16F7-4668-BE54-9A1E7A4F7556}") = "Auth.UI", "src\Auth.UI\Auth.UI.csproj", "{0AF8B190-D686-41CE-A45C-4BB6AE0E4003}"
EndProject
Project("{9A19103F-16F7-4668-BE54-9A1E7A4F7556}") = "Auth", "src\Auth\Auth.csproj", "{E322974A-78BC-48AC-B3D2-1A7077211635}"
EndProject
Project("{9A19103F-16F7-4668-BE54-9A1E7A4F7556}") = "Auth.UI.WPF", "src\Auth.UI.WPF\Auth.UI.WPF.csproj", "{8F7CE3D3-67E9-40E5-A280-FA0545E0F43F}"
EndProject
Project("{2150E333-8FDC-42A3-9474-1A3956D46DE8}") = "samples", "samples", "{CF8B7ECC-0E53-4B26-ABB3-0D74BDBB642F}"
EndProject
Project("{9A19103F-16F7-4668-BE54-9A1E7A4F7556}") = "Auth.Console.Sample", "samples\Console\Auth.Console.Sample.csproj", "{ACF1E5D6-E53D-462F-A4FF-327D413D4E15}"
EndProject
Project("{FAE04EC0-301F-11D3-BF4B-00C04F79EFBC}") = "Auth.UWP.Sample", "samples\UWP\Auth.UWP.Sample.csproj", "{DCB4CCBA-BE4B-49C9-B90A-1C4E08148353}"
EndProject
Project("{9A19103F-16F7-4668-BE54-9A1E7A4F7556}") = "Auth.WPF.Sample", "samples\WPF\Auth.WPF.Sample.csproj", "{E6905FEE-0871-48BE-933D-7F7102C06648}"
EndProject
Project("{2150E333-8FDC-42A3-9474-1A3956D46DE8}") = "tests", "tests", "{5528D6EA-402F-4FD9-9A01-0B799AFFC14B}"
EndProject
Project("{9A19103F-16F7-4668-BE54-9A1E7A4F7556}") = "Auth.Tests", "tests\Auth.Tests\Auth.Tests.csproj", "{31FAEF42-D294-4269-94B8-D5AE76CDF964}"
EndProject
Project("{2150E333-8FDC-42A3-9474-1A3956D46DE8}") = "items", "items", "{F7773D22-7B0E-485C-A80F-57ED2DDD4AF5}"
	ProjectSection(SolutionItems) = preProject
		.editorconfig = .editorconfig
		.gitignore = .gitignore
		LICENSE.txt = LICENSE.txt
		README.md = README.md
	EndProjectSection
EndProject
Project("{2150E333-8FDC-42A3-9474-1A3956D46DE8}") = "build", "build", "{D29A8029-BAC4-43C8-A4B0-523804AB9086}"
	ProjectSection(SolutionItems) = preProject
		build\build-libs.ps1 = build\build-libs.ps1
		build\build-samples.ps1 = build\build-samples.ps1
		.github\workflows\dotnetcore.yml = .github\workflows\dotnetcore.yml
		build\download-localizations.ps1 = build\download-localizations.ps1
		build\run-pack.ps1 = build\run-pack.ps1
		build\run-tests.ps1 = build\run-tests.ps1
	EndProjectSection
EndProject
Project("{9A19103F-16F7-4668-BE54-9A1E7A4F7556}") = "Auth.Tests.Integration", "tests\Auth.Tests.Integration\Auth.Tests.Integration.csproj", "{69BFF1A9-8384-4DD8-BD23-31E384D57499}"
EndProject
Global
	GlobalSection(SolutionConfigurationPlatforms) = preSolution
		Debug|Any CPU = Debug|Any CPU
		Debug|ARM = Debug|ARM
		Debug|ARM64 = Debug|ARM64
		Debug|x64 = Debug|x64
		Debug|x86 = Debug|x86
		Release|Any CPU = Release|Any CPU
		Release|ARM = Release|ARM
		Release|ARM64 = Release|ARM64
		Release|x64 = Release|x64
		Release|x86 = Release|x86
	EndGlobalSection
	GlobalSection(ProjectConfigurationPlatforms) = postSolution
		{5DA67B23-1735-4021-A6A1-0637FEE30A4C}.Debug|Any CPU.ActiveCfg = Debug|Any CPU
		{5DA67B23-1735-4021-A6A1-0637FEE30A4C}.Debug|Any CPU.Build.0 = Debug|Any CPU
		{5DA67B23-1735-4021-A6A1-0637FEE30A4C}.Debug|ARM.ActiveCfg = Debug|Any CPU
		{5DA67B23-1735-4021-A6A1-0637FEE30A4C}.Debug|ARM.Build.0 = Debug|Any CPU
		{5DA67B23-1735-4021-A6A1-0637FEE30A4C}.Debug|ARM64.ActiveCfg = Debug|Any CPU
		{5DA67B23-1735-4021-A6A1-0637FEE30A4C}.Debug|ARM64.Build.0 = Debug|Any CPU
		{5DA67B23-1735-4021-A6A1-0637FEE30A4C}.Debug|x64.ActiveCfg = Debug|Any CPU
		{5DA67B23-1735-4021-A6A1-0637FEE30A4C}.Debug|x64.Build.0 = Debug|Any CPU
		{5DA67B23-1735-4021-A6A1-0637FEE30A4C}.Debug|x86.ActiveCfg = Debug|Any CPU
		{5DA67B23-1735-4021-A6A1-0637FEE30A4C}.Debug|x86.Build.0 = Debug|Any CPU
		{5DA67B23-1735-4021-A6A1-0637FEE30A4C}.Release|Any CPU.ActiveCfg = Release|Any CPU
		{5DA67B23-1735-4021-A6A1-0637FEE30A4C}.Release|Any CPU.Build.0 = Release|Any CPU
		{5DA67B23-1735-4021-A6A1-0637FEE30A4C}.Release|ARM.ActiveCfg = Release|Any CPU
		{5DA67B23-1735-4021-A6A1-0637FEE30A4C}.Release|ARM.Build.0 = Release|Any CPU
		{5DA67B23-1735-4021-A6A1-0637FEE30A4C}.Release|ARM64.ActiveCfg = Release|Any CPU
		{5DA67B23-1735-4021-A6A1-0637FEE30A4C}.Release|ARM64.Build.0 = Release|Any CPU
		{5DA67B23-1735-4021-A6A1-0637FEE30A4C}.Release|x64.ActiveCfg = Release|Any CPU
		{5DA67B23-1735-4021-A6A1-0637FEE30A4C}.Release|x64.Build.0 = Release|Any CPU
		{5DA67B23-1735-4021-A6A1-0637FEE30A4C}.Release|x86.ActiveCfg = Release|Any CPU
		{5DA67B23-1735-4021-A6A1-0637FEE30A4C}.Release|x86.Build.0 = Release|Any CPU
		{0AF8B190-D686-41CE-A45C-4BB6AE0E4003}.Debug|Any CPU.ActiveCfg = Debug|Any CPU
		{0AF8B190-D686-41CE-A45C-4BB6AE0E4003}.Debug|Any CPU.Build.0 = Debug|Any CPU
		{0AF8B190-D686-41CE-A45C-4BB6AE0E4003}.Debug|ARM.ActiveCfg = Debug|Any CPU
		{0AF8B190-D686-41CE-A45C-4BB6AE0E4003}.Debug|ARM.Build.0 = Debug|Any CPU
		{0AF8B190-D686-41CE-A45C-4BB6AE0E4003}.Debug|ARM64.ActiveCfg = Debug|Any CPU
		{0AF8B190-D686-41CE-A45C-4BB6AE0E4003}.Debug|ARM64.Build.0 = Debug|Any CPU
		{0AF8B190-D686-41CE-A45C-4BB6AE0E4003}.Debug|x64.ActiveCfg = Debug|Any CPU
		{0AF8B190-D686-41CE-A45C-4BB6AE0E4003}.Debug|x64.Build.0 = Debug|Any CPU
		{0AF8B190-D686-41CE-A45C-4BB6AE0E4003}.Debug|x86.ActiveCfg = Debug|Any CPU
		{0AF8B190-D686-41CE-A45C-4BB6AE0E4003}.Debug|x86.Build.0 = Debug|Any CPU
		{0AF8B190-D686-41CE-A45C-4BB6AE0E4003}.Release|Any CPU.ActiveCfg = Release|Any CPU
		{0AF8B190-D686-41CE-A45C-4BB6AE0E4003}.Release|Any CPU.Build.0 = Release|Any CPU
		{0AF8B190-D686-41CE-A45C-4BB6AE0E4003}.Release|ARM.ActiveCfg = Release|Any CPU
		{0AF8B190-D686-41CE-A45C-4BB6AE0E4003}.Release|ARM.Build.0 = Release|Any CPU
		{0AF8B190-D686-41CE-A45C-4BB6AE0E4003}.Release|ARM64.ActiveCfg = Release|Any CPU
		{0AF8B190-D686-41CE-A45C-4BB6AE0E4003}.Release|ARM64.Build.0 = Release|Any CPU
		{0AF8B190-D686-41CE-A45C-4BB6AE0E4003}.Release|x64.ActiveCfg = Release|Any CPU
		{0AF8B190-D686-41CE-A45C-4BB6AE0E4003}.Release|x64.Build.0 = Release|Any CPU
		{0AF8B190-D686-41CE-A45C-4BB6AE0E4003}.Release|x86.ActiveCfg = Release|Any CPU
		{0AF8B190-D686-41CE-A45C-4BB6AE0E4003}.Release|x86.Build.0 = Release|Any CPU
		{E322974A-78BC-48AC-B3D2-1A7077211635}.Debug|Any CPU.ActiveCfg = Debug|Any CPU
		{E322974A-78BC-48AC-B3D2-1A7077211635}.Debug|Any CPU.Build.0 = Debug|Any CPU
		{E322974A-78BC-48AC-B3D2-1A7077211635}.Debug|ARM.ActiveCfg = Debug|Any CPU
		{E322974A-78BC-48AC-B3D2-1A7077211635}.Debug|ARM.Build.0 = Debug|Any CPU
		{E322974A-78BC-48AC-B3D2-1A7077211635}.Debug|ARM64.ActiveCfg = Debug|Any CPU
		{E322974A-78BC-48AC-B3D2-1A7077211635}.Debug|ARM64.Build.0 = Debug|Any CPU
		{E322974A-78BC-48AC-B3D2-1A7077211635}.Debug|x64.ActiveCfg = Debug|Any CPU
		{E322974A-78BC-48AC-B3D2-1A7077211635}.Debug|x64.Build.0 = Debug|Any CPU
		{E322974A-78BC-48AC-B3D2-1A7077211635}.Debug|x86.ActiveCfg = Debug|Any CPU
		{E322974A-78BC-48AC-B3D2-1A7077211635}.Debug|x86.Build.0 = Debug|Any CPU
		{E322974A-78BC-48AC-B3D2-1A7077211635}.Release|Any CPU.ActiveCfg = Release|Any CPU
		{E322974A-78BC-48AC-B3D2-1A7077211635}.Release|Any CPU.Build.0 = Release|Any CPU
		{E322974A-78BC-48AC-B3D2-1A7077211635}.Release|ARM.ActiveCfg = Release|Any CPU
		{E322974A-78BC-48AC-B3D2-1A7077211635}.Release|ARM.Build.0 = Release|Any CPU
		{E322974A-78BC-48AC-B3D2-1A7077211635}.Release|ARM64.ActiveCfg = Release|Any CPU
		{E322974A-78BC-48AC-B3D2-1A7077211635}.Release|ARM64.Build.0 = Release|Any CPU
		{E322974A-78BC-48AC-B3D2-1A7077211635}.Release|x64.ActiveCfg = Release|Any CPU
		{E322974A-78BC-48AC-B3D2-1A7077211635}.Release|x64.Build.0 = Release|Any CPU
		{E322974A-78BC-48AC-B3D2-1A7077211635}.Release|x86.ActiveCfg = Release|Any CPU
		{E322974A-78BC-48AC-B3D2-1A7077211635}.Release|x86.Build.0 = Release|Any CPU
		{8F7CE3D3-67E9-40E5-A280-FA0545E0F43F}.Debug|Any CPU.ActiveCfg = Debug|Any CPU
		{8F7CE3D3-67E9-40E5-A280-FA0545E0F43F}.Debug|Any CPU.Build.0 = Debug|Any CPU
		{8F7CE3D3-67E9-40E5-A280-FA0545E0F43F}.Debug|ARM.ActiveCfg = Debug|Any CPU
		{8F7CE3D3-67E9-40E5-A280-FA0545E0F43F}.Debug|ARM.Build.0 = Debug|Any CPU
		{8F7CE3D3-67E9-40E5-A280-FA0545E0F43F}.Debug|ARM64.ActiveCfg = Debug|Any CPU
		{8F7CE3D3-67E9-40E5-A280-FA0545E0F43F}.Debug|ARM64.Build.0 = Debug|Any CPU
		{8F7CE3D3-67E9-40E5-A280-FA0545E0F43F}.Debug|x64.ActiveCfg = Debug|Any CPU
		{8F7CE3D3-67E9-40E5-A280-FA0545E0F43F}.Debug|x64.Build.0 = Debug|Any CPU
		{8F7CE3D3-67E9-40E5-A280-FA0545E0F43F}.Debug|x86.ActiveCfg = Debug|Any CPU
		{8F7CE3D3-67E9-40E5-A280-FA0545E0F43F}.Debug|x86.Build.0 = Debug|Any CPU
		{8F7CE3D3-67E9-40E5-A280-FA0545E0F43F}.Release|Any CPU.ActiveCfg = Release|Any CPU
		{8F7CE3D3-67E9-40E5-A280-FA0545E0F43F}.Release|Any CPU.Build.0 = Release|Any CPU
		{8F7CE3D3-67E9-40E5-A280-FA0545E0F43F}.Release|ARM.ActiveCfg = Release|Any CPU
		{8F7CE3D3-67E9-40E5-A280-FA0545E0F43F}.Release|ARM.Build.0 = Release|Any CPU
		{8F7CE3D3-67E9-40E5-A280-FA0545E0F43F}.Release|ARM64.ActiveCfg = Release|Any CPU
		{8F7CE3D3-67E9-40E5-A280-FA0545E0F43F}.Release|ARM64.Build.0 = Release|Any CPU
		{8F7CE3D3-67E9-40E5-A280-FA0545E0F43F}.Release|x64.ActiveCfg = Release|Any CPU
		{8F7CE3D3-67E9-40E5-A280-FA0545E0F43F}.Release|x64.Build.0 = Release|Any CPU
		{8F7CE3D3-67E9-40E5-A280-FA0545E0F43F}.Release|x86.ActiveCfg = Release|Any CPU
		{8F7CE3D3-67E9-40E5-A280-FA0545E0F43F}.Release|x86.Build.0 = Release|Any CPU
		{ACF1E5D6-E53D-462F-A4FF-327D413D4E15}.Debug|Any CPU.ActiveCfg = Debug|Any CPU
		{ACF1E5D6-E53D-462F-A4FF-327D413D4E15}.Debug|Any CPU.Build.0 = Debug|Any CPU
		{ACF1E5D6-E53D-462F-A4FF-327D413D4E15}.Debug|ARM.ActiveCfg = Debug|Any CPU
		{ACF1E5D6-E53D-462F-A4FF-327D413D4E15}.Debug|ARM.Build.0 = Debug|Any CPU
		{ACF1E5D6-E53D-462F-A4FF-327D413D4E15}.Debug|ARM64.ActiveCfg = Debug|Any CPU
		{ACF1E5D6-E53D-462F-A4FF-327D413D4E15}.Debug|ARM64.Build.0 = Debug|Any CPU
		{ACF1E5D6-E53D-462F-A4FF-327D413D4E15}.Debug|x64.ActiveCfg = Debug|Any CPU
		{ACF1E5D6-E53D-462F-A4FF-327D413D4E15}.Debug|x64.Build.0 = Debug|Any CPU
		{ACF1E5D6-E53D-462F-A4FF-327D413D4E15}.Debug|x86.ActiveCfg = Debug|Any CPU
		{ACF1E5D6-E53D-462F-A4FF-327D413D4E15}.Debug|x86.Build.0 = Debug|Any CPU
		{ACF1E5D6-E53D-462F-A4FF-327D413D4E15}.Release|Any CPU.ActiveCfg = Release|Any CPU
		{ACF1E5D6-E53D-462F-A4FF-327D413D4E15}.Release|Any CPU.Build.0 = Release|Any CPU
		{ACF1E5D6-E53D-462F-A4FF-327D413D4E15}.Release|ARM.ActiveCfg = Release|Any CPU
		{ACF1E5D6-E53D-462F-A4FF-327D413D4E15}.Release|ARM.Build.0 = Release|Any CPU
		{ACF1E5D6-E53D-462F-A4FF-327D413D4E15}.Release|ARM64.ActiveCfg = Release|Any CPU
		{ACF1E5D6-E53D-462F-A4FF-327D413D4E15}.Release|ARM64.Build.0 = Release|Any CPU
		{ACF1E5D6-E53D-462F-A4FF-327D413D4E15}.Release|x64.ActiveCfg = Release|Any CPU
		{ACF1E5D6-E53D-462F-A4FF-327D413D4E15}.Release|x64.Build.0 = Release|Any CPU
		{ACF1E5D6-E53D-462F-A4FF-327D413D4E15}.Release|x86.ActiveCfg = Release|Any CPU
		{ACF1E5D6-E53D-462F-A4FF-327D413D4E15}.Release|x86.Build.0 = Release|Any CPU
		{DCB4CCBA-BE4B-49C9-B90A-1C4E08148353}.Debug|Any CPU.ActiveCfg = Debug|x86
		{DCB4CCBA-BE4B-49C9-B90A-1C4E08148353}.Debug|Any CPU.Build.0 = Debug|x86
		{DCB4CCBA-BE4B-49C9-B90A-1C4E08148353}.Debug|Any CPU.Deploy.0 = Debug|x86
		{DCB4CCBA-BE4B-49C9-B90A-1C4E08148353}.Debug|ARM.ActiveCfg = Debug|ARM
		{DCB4CCBA-BE4B-49C9-B90A-1C4E08148353}.Debug|ARM.Build.0 = Debug|ARM
		{DCB4CCBA-BE4B-49C9-B90A-1C4E08148353}.Debug|ARM.Deploy.0 = Debug|ARM
		{DCB4CCBA-BE4B-49C9-B90A-1C4E08148353}.Debug|ARM64.ActiveCfg = Debug|ARM64
		{DCB4CCBA-BE4B-49C9-B90A-1C4E08148353}.Debug|ARM64.Build.0 = Debug|ARM64
		{DCB4CCBA-BE4B-49C9-B90A-1C4E08148353}.Debug|ARM64.Deploy.0 = Debug|ARM64
		{DCB4CCBA-BE4B-49C9-B90A-1C4E08148353}.Debug|x64.ActiveCfg = Debug|x64
		{DCB4CCBA-BE4B-49C9-B90A-1C4E08148353}.Debug|x64.Build.0 = Debug|x64
		{DCB4CCBA-BE4B-49C9-B90A-1C4E08148353}.Debug|x64.Deploy.0 = Debug|x64
		{DCB4CCBA-BE4B-49C9-B90A-1C4E08148353}.Debug|x86.ActiveCfg = Debug|x86
		{DCB4CCBA-BE4B-49C9-B90A-1C4E08148353}.Debug|x86.Build.0 = Debug|x86
		{DCB4CCBA-BE4B-49C9-B90A-1C4E08148353}.Debug|x86.Deploy.0 = Debug|x86
		{DCB4CCBA-BE4B-49C9-B90A-1C4E08148353}.Release|Any CPU.ActiveCfg = Release|x86
		{DCB4CCBA-BE4B-49C9-B90A-1C4E08148353}.Release|ARM.ActiveCfg = Release|ARM
		{DCB4CCBA-BE4B-49C9-B90A-1C4E08148353}.Release|ARM.Build.0 = Release|ARM
		{DCB4CCBA-BE4B-49C9-B90A-1C4E08148353}.Release|ARM.Deploy.0 = Release|ARM
		{DCB4CCBA-BE4B-49C9-B90A-1C4E08148353}.Release|ARM64.ActiveCfg = Release|ARM64
		{DCB4CCBA-BE4B-49C9-B90A-1C4E08148353}.Release|ARM64.Build.0 = Release|ARM64
		{DCB4CCBA-BE4B-49C9-B90A-1C4E08148353}.Release|ARM64.Deploy.0 = Release|ARM64
		{DCB4CCBA-BE4B-49C9-B90A-1C4E08148353}.Release|x64.ActiveCfg = Release|x64
		{DCB4CCBA-BE4B-49C9-B90A-1C4E08148353}.Release|x64.Build.0 = Release|x64
		{DCB4CCBA-BE4B-49C9-B90A-1C4E08148353}.Release|x64.Deploy.0 = Release|x64
		{DCB4CCBA-BE4B-49C9-B90A-1C4E08148353}.Release|x86.ActiveCfg = Release|x86
		{DCB4CCBA-BE4B-49C9-B90A-1C4E08148353}.Release|x86.Build.0 = Release|x86
		{DCB4CCBA-BE4B-49C9-B90A-1C4E08148353}.Release|x86.Deploy.0 = Release|x86
		{E6905FEE-0871-48BE-933D-7F7102C06648}.Debug|Any CPU.ActiveCfg = Debug|Any CPU
		{E6905FEE-0871-48BE-933D-7F7102C06648}.Debug|Any CPU.Build.0 = Debug|Any CPU
		{E6905FEE-0871-48BE-933D-7F7102C06648}.Debug|ARM.ActiveCfg = Debug|Any CPU
		{E6905FEE-0871-48BE-933D-7F7102C06648}.Debug|ARM.Build.0 = Debug|Any CPU
		{E6905FEE-0871-48BE-933D-7F7102C06648}.Debug|ARM64.ActiveCfg = Debug|Any CPU
		{E6905FEE-0871-48BE-933D-7F7102C06648}.Debug|ARM64.Build.0 = Debug|Any CPU
		{E6905FEE-0871-48BE-933D-7F7102C06648}.Debug|x64.ActiveCfg = Debug|Any CPU
		{E6905FEE-0871-48BE-933D-7F7102C06648}.Debug|x64.Build.0 = Debug|Any CPU
		{E6905FEE-0871-48BE-933D-7F7102C06648}.Debug|x86.ActiveCfg = Debug|Any CPU
		{E6905FEE-0871-48BE-933D-7F7102C06648}.Debug|x86.Build.0 = Debug|Any CPU
		{E6905FEE-0871-48BE-933D-7F7102C06648}.Release|Any CPU.ActiveCfg = Release|Any CPU
		{E6905FEE-0871-48BE-933D-7F7102C06648}.Release|Any CPU.Build.0 = Release|Any CPU
		{E6905FEE-0871-48BE-933D-7F7102C06648}.Release|ARM.ActiveCfg = Release|Any CPU
		{E6905FEE-0871-48BE-933D-7F7102C06648}.Release|ARM.Build.0 = Release|Any CPU
		{E6905FEE-0871-48BE-933D-7F7102C06648}.Release|ARM64.ActiveCfg = Release|Any CPU
		{E6905FEE-0871-48BE-933D-7F7102C06648}.Release|ARM64.Build.0 = Release|Any CPU
		{E6905FEE-0871-48BE-933D-7F7102C06648}.Release|x64.ActiveCfg = Release|Any CPU
		{E6905FEE-0871-48BE-933D-7F7102C06648}.Release|x64.Build.0 = Release|Any CPU
		{E6905FEE-0871-48BE-933D-7F7102C06648}.Release|x86.ActiveCfg = Release|Any CPU
		{E6905FEE-0871-48BE-933D-7F7102C06648}.Release|x86.Build.0 = Release|Any CPU
		{31FAEF42-D294-4269-94B8-D5AE76CDF964}.Debug|Any CPU.ActiveCfg = Debug|Any CPU
		{31FAEF42-D294-4269-94B8-D5AE76CDF964}.Debug|Any CPU.Build.0 = Debug|Any CPU
		{31FAEF42-D294-4269-94B8-D5AE76CDF964}.Debug|ARM.ActiveCfg = Debug|Any CPU
		{31FAEF42-D294-4269-94B8-D5AE76CDF964}.Debug|ARM.Build.0 = Debug|Any CPU
		{31FAEF42-D294-4269-94B8-D5AE76CDF964}.Debug|ARM64.ActiveCfg = Debug|Any CPU
		{31FAEF42-D294-4269-94B8-D5AE76CDF964}.Debug|ARM64.Build.0 = Debug|Any CPU
		{31FAEF42-D294-4269-94B8-D5AE76CDF964}.Debug|x64.ActiveCfg = Debug|Any CPU
		{31FAEF42-D294-4269-94B8-D5AE76CDF964}.Debug|x64.Build.0 = Debug|Any CPU
		{31FAEF42-D294-4269-94B8-D5AE76CDF964}.Debug|x86.ActiveCfg = Debug|Any CPU
		{31FAEF42-D294-4269-94B8-D5AE76CDF964}.Debug|x86.Build.0 = Debug|Any CPU
		{31FAEF42-D294-4269-94B8-D5AE76CDF964}.Release|Any CPU.ActiveCfg = Release|Any CPU
		{31FAEF42-D294-4269-94B8-D5AE76CDF964}.Release|Any CPU.Build.0 = Release|Any CPU
		{31FAEF42-D294-4269-94B8-D5AE76CDF964}.Release|ARM.ActiveCfg = Release|Any CPU
		{31FAEF42-D294-4269-94B8-D5AE76CDF964}.Release|ARM.Build.0 = Release|Any CPU
		{31FAEF42-D294-4269-94B8-D5AE76CDF964}.Release|ARM64.ActiveCfg = Release|Any CPU
		{31FAEF42-D294-4269-94B8-D5AE76CDF964}.Release|ARM64.Build.0 = Release|Any CPU
		{31FAEF42-D294-4269-94B8-D5AE76CDF964}.Release|x64.ActiveCfg = Release|Any CPU
		{31FAEF42-D294-4269-94B8-D5AE76CDF964}.Release|x64.Build.0 = Release|Any CPU
		{31FAEF42-D294-4269-94B8-D5AE76CDF964}.Release|x86.ActiveCfg = Release|Any CPU
		{31FAEF42-D294-4269-94B8-D5AE76CDF964}.Release|x86.Build.0 = Release|Any CPU
		{69BFF1A9-8384-4DD8-BD23-31E384D57499}.Debug|Any CPU.ActiveCfg = Debug|Any CPU
		{69BFF1A9-8384-4DD8-BD23-31E384D57499}.Debug|Any CPU.Build.0 = Debug|Any CPU
		{69BFF1A9-8384-4DD8-BD23-31E384D57499}.Debug|ARM.ActiveCfg = Debug|Any CPU
		{69BFF1A9-8384-4DD8-BD23-31E384D57499}.Debug|ARM.Build.0 = Debug|Any CPU
		{69BFF1A9-8384-4DD8-BD23-31E384D57499}.Debug|ARM64.ActiveCfg = Debug|Any CPU
		{69BFF1A9-8384-4DD8-BD23-31E384D57499}.Debug|ARM64.Build.0 = Debug|Any CPU
		{69BFF1A9-8384-4DD8-BD23-31E384D57499}.Debug|x64.ActiveCfg = Debug|Any CPU
		{69BFF1A9-8384-4DD8-BD23-31E384D57499}.Debug|x64.Build.0 = Debug|Any CPU
		{69BFF1A9-8384-4DD8-BD23-31E384D57499}.Debug|x86.ActiveCfg = Debug|Any CPU
		{69BFF1A9-8384-4DD8-BD23-31E384D57499}.Debug|x86.Build.0 = Debug|Any CPU
		{69BFF1A9-8384-4DD8-BD23-31E384D57499}.Release|Any CPU.ActiveCfg = Release|Any CPU
		{69BFF1A9-8384-4DD8-BD23-31E384D57499}.Release|Any CPU.Build.0 = Release|Any CPU
		{69BFF1A9-8384-4DD8-BD23-31E384D57499}.Release|ARM.ActiveCfg = Release|Any CPU
		{69BFF1A9-8384-4DD8-BD23-31E384D57499}.Release|ARM.Build.0 = Release|Any CPU
		{69BFF1A9-8384-4DD8-BD23-31E384D57499}.Release|ARM64.ActiveCfg = Release|Any CPU
		{69BFF1A9-8384-4DD8-BD23-31E384D57499}.Release|ARM64.Build.0 = Release|Any CPU
		{69BFF1A9-8384-4DD8-BD23-31E384D57499}.Release|x64.ActiveCfg = Release|Any CPU
		{69BFF1A9-8384-4DD8-BD23-31E384D57499}.Release|x64.Build.0 = Release|Any CPU
		{69BFF1A9-8384-4DD8-BD23-31E384D57499}.Release|x86.ActiveCfg = Release|Any CPU
		{69BFF1A9-8384-4DD8-BD23-31E384D57499}.Release|x86.Build.0 = Release|Any CPU
	EndGlobalSection
	GlobalSection(SolutionProperties) = preSolution
		HideSolutionNode = FALSE
	EndGlobalSection
	GlobalSection(NestedProjects) = preSolution
		{ACF1E5D6-E53D-462F-A4FF-327D413D4E15} = {CF8B7ECC-0E53-4B26-ABB3-0D74BDBB642F}
		{DCB4CCBA-BE4B-49C9-B90A-1C4E08148353} = {CF8B7ECC-0E53-4B26-ABB3-0D74BDBB642F}
		{E6905FEE-0871-48BE-933D-7F7102C06648} = {CF8B7ECC-0E53-4B26-ABB3-0D74BDBB642F}
		{31FAEF42-D294-4269-94B8-D5AE76CDF964} = {5528D6EA-402F-4FD9-9A01-0B799AFFC14B}
		{69BFF1A9-8384-4DD8-BD23-31E384D57499} = {5528D6EA-402F-4FD9-9A01-0B799AFFC14B}
	EndGlobalSection
	GlobalSection(ExtensibilityGlobals) = postSolution
		SolutionGuid = {EBE8EC40-A988-4401-8C7E-61E1165C7D46}
	EndGlobalSection
EndGlobal
