
Microsoft Visual Studio Solution File, Format Version 12.00
# Visual Studio Version 16
VisualStudioVersion = 16.0.29409.12
MinimumVisualStudioVersion = 10.0.40219.1
Project("{9A19103F-16F7-4668-BE54-9A1E7A4F7556}") = "Auth", "src\Auth\Auth.csproj", "{70A39FCE-33FB-43BF-B16C-4268354D315D}"
EndProject
Project("{9A19103F-16F7-4668-BE54-9A1E7A4F7556}") = "Auth.Console.Sample", "samples\Console\Auth.Console.Sample.csproj", "{29EB197E-9AB0-4667-8AA7-9BF1D2FDC591}"
EndProject
Project("{2150E333-8FDC-42A3-9474-1A3956D46DE8}") = "samples", "samples", "{E7929450-C7E2-433F-9AB9-7AFC6C418054}"
EndProject
Project("{9A19103F-16F7-4668-BE54-9A1E7A4F7556}") = "Auth.WPF.Sample", "samples\WPF\Auth.WPF.Sample.csproj", "{9C0B8B45-EDB0-40EF-A76E-F5E1401364B5}"
EndProject
Project("{9A19103F-16F7-4668-BE54-9A1E7A4F7556}") = "Auth.UI", "src\Auth.UI\Auth.UI.csproj", "{B0EE13F0-FEC4-4ACA-8EA5-E1369012C568}"
EndProject
Project("{9A19103F-16F7-4668-BE54-9A1E7A4F7556}") = "Auth.UI.WPF", "src\Auth.UI.WPF\Auth.UI.WPF.csproj", "{CC36F2B5-39F0-4C1A-A2C3-7D5592B1376A}"
EndProject
Project("{2150E333-8FDC-42A3-9474-1A3956D46DE8}") = "items", "items", "{5B5003EB-BC3E-408E-BC5E-6137684AA9C7}"
	ProjectSection(SolutionItems) = preProject
		.editorconfig = .editorconfig
		.gitignore = .gitignore
		build\build-libs.ps1 = build\build-libs.ps1
		build\build-samples.ps1 = build\build-samples.ps1
		build\download-localizations.ps1 = build\download-localizations.ps1
		LICENSE.txt = LICENSE.txt
		README.md = README.md
	EndProjectSection
EndProject
Project("{2150E333-8FDC-42A3-9474-1A3956D46DE8}") = ".github", ".github", "{330AB30A-CCF0-42E7-B276-5013DA78F4C2}"
	ProjectSection(SolutionItems) = preProject
		.github\workflows\dotnetcore.yml = .github\workflows\dotnetcore.yml
		.github\stale.yml = .github\stale.yml
	EndProjectSection
EndProject
Project("{2150E333-8FDC-42A3-9474-1A3956D46DE8}") = "tests", "tests", "{4231242D-8BE9-4BE8-A6FB-AB9E18CC3683}"
EndProject
Project("{9A19103F-16F7-4668-BE54-9A1E7A4F7556}") = "Auth.Tests", "tests\Auth.Tests\Auth.Tests.csproj", "{47018A5F-8FD7-4729-929C-94F3C920738F}"
EndProject
Project("{FAE04EC0-301F-11D3-BF4B-00C04F79EFBC}") = "Auth.UI.UWP", "src\Auth.UI.UWP\Auth.UI.UWP.csproj", "{786F7076-4B19-4F72-99DD-F35DE952E7D6}"
EndProject
Project("{FAE04EC0-301F-11D3-BF4B-00C04F79EFBC}") = "Auth.UWP.Sample", "samples\UWP\Auth.UWP.Sample.csproj", "{DCB4CCBA-BE4B-49C9-B90A-1C4E08148353}"
EndProject
Global
	GlobalSection(SolutionConfigurationPlatforms) = preSolution
		Debug|Any CPU = Debug|Any CPU
		Debug|ARM = Debug|ARM
		Debug|ARM64 = Debug|ARM64
		Debug|x64 = Debug|x64
		Debug|x86 = Debug|x86
		Release|Any CPU = Release|Any CPU
		Release|ARM = Release|ARM
		Release|ARM64 = Release|ARM64
		Release|x64 = Release|x64
		Release|x86 = Release|x86
	EndGlobalSection
	GlobalSection(ProjectConfigurationPlatforms) = postSolution
		{70A39FCE-33FB-43BF-B16C-4268354D315D}.Debug|Any CPU.ActiveCfg = Debug|Any CPU
		{70A39FCE-33FB-43BF-B16C-4268354D315D}.Debug|Any CPU.Build.0 = Debug|Any CPU
		{70A39FCE-33FB-43BF-B16C-4268354D315D}.Debug|ARM.ActiveCfg = Debug|Any CPU
		{70A39FCE-33FB-43BF-B16C-4268354D315D}.Debug|ARM.Build.0 = Debug|Any CPU
		{70A39FCE-33FB-43BF-B16C-4268354D315D}.Debug|ARM64.ActiveCfg = Debug|Any CPU
		{70A39FCE-33FB-43BF-B16C-4268354D315D}.Debug|ARM64.Build.0 = Debug|Any CPU
		{70A39FCE-33FB-43BF-B16C-4268354D315D}.Debug|x64.ActiveCfg = Debug|Any CPU
		{70A39FCE-33FB-43BF-B16C-4268354D315D}.Debug|x64.Build.0 = Debug|Any CPU
		{70A39FCE-33FB-43BF-B16C-4268354D315D}.Debug|x86.ActiveCfg = Debug|Any CPU
		{70A39FCE-33FB-43BF-B16C-4268354D315D}.Debug|x86.Build.0 = Debug|Any CPU
		{70A39FCE-33FB-43BF-B16C-4268354D315D}.Release|Any CPU.ActiveCfg = Release|Any CPU
		{70A39FCE-33FB-43BF-B16C-4268354D315D}.Release|Any CPU.Build.0 = Release|Any CPU
		{70A39FCE-33FB-43BF-B16C-4268354D315D}.Release|ARM.ActiveCfg = Release|Any CPU
		{70A39FCE-33FB-43BF-B16C-4268354D315D}.Release|ARM.Build.0 = Release|Any CPU
		{70A39FCE-33FB-43BF-B16C-4268354D315D}.Release|ARM64.ActiveCfg = Release|Any CPU
		{70A39FCE-33FB-43BF-B16C-4268354D315D}.Release|ARM64.Build.0 = Release|Any CPU
		{70A39FCE-33FB-43BF-B16C-4268354D315D}.Release|x64.ActiveCfg = Release|Any CPU
		{70A39FCE-33FB-43BF-B16C-4268354D315D}.Release|x64.Build.0 = Release|Any CPU
		{70A39FCE-33FB-43BF-B16C-4268354D315D}.Release|x86.ActiveCfg = Release|Any CPU
		{70A39FCE-33FB-43BF-B16C-4268354D315D}.Release|x86.Build.0 = Release|Any CPU
		{29EB197E-9AB0-4667-8AA7-9BF1D2FDC591}.Debug|Any CPU.ActiveCfg = Debug|Any CPU
		{29EB197E-9AB0-4667-8AA7-9BF1D2FDC591}.Debug|Any CPU.Build.0 = Debug|Any CPU
		{29EB197E-9AB0-4667-8AA7-9BF1D2FDC591}.Debug|ARM.ActiveCfg = Debug|Any CPU
		{29EB197E-9AB0-4667-8AA7-9BF1D2FDC591}.Debug|ARM.Build.0 = Debug|Any CPU
		{29EB197E-9AB0-4667-8AA7-9BF1D2FDC591}.Debug|ARM64.ActiveCfg = Debug|Any CPU
		{29EB197E-9AB0-4667-8AA7-9BF1D2FDC591}.Debug|ARM64.Build.0 = Debug|Any CPU
		{29EB197E-9AB0-4667-8AA7-9BF1D2FDC591}.Debug|x64.ActiveCfg = Debug|Any CPU
		{29EB197E-9AB0-4667-8AA7-9BF1D2FDC591}.Debug|x64.Build.0 = Debug|Any CPU
		{29EB197E-9AB0-4667-8AA7-9BF1D2FDC591}.Debug|x86.ActiveCfg = Debug|Any CPU
		{29EB197E-9AB0-4667-8AA7-9BF1D2FDC591}.Debug|x86.Build.0 = Debug|Any CPU
		{29EB197E-9AB0-4667-8AA7-9BF1D2FDC591}.Release|Any CPU.ActiveCfg = Release|Any CPU
		{29EB197E-9AB0-4667-8AA7-9BF1D2FDC591}.Release|Any CPU.Build.0 = Release|Any CPU
		{29EB197E-9AB0-4667-8AA7-9BF1D2FDC591}.Release|ARM.ActiveCfg = Release|Any CPU
		{29EB197E-9AB0-4667-8AA7-9BF1D2FDC591}.Release|ARM.Build.0 = Release|Any CPU
		{29EB197E-9AB0-4667-8AA7-9BF1D2FDC591}.Release|ARM64.ActiveCfg = Release|Any CPU
		{29EB197E-9AB0-4667-8AA7-9BF1D2FDC591}.Release|ARM64.Build.0 = Release|Any CPU
		{29EB197E-9AB0-4667-8AA7-9BF1D2FDC591}.Release|x64.ActiveCfg = Release|Any CPU
		{29EB197E-9AB0-4667-8AA7-9BF1D2FDC591}.Release|x64.Build.0 = Release|Any CPU
		{29EB197E-9AB0-4667-8AA7-9BF1D2FDC591}.Release|x86.ActiveCfg = Release|Any CPU
		{29EB197E-9AB0-4667-8AA7-9BF1D2FDC591}.Release|x86.Build.0 = Release|Any CPU
		{9C0B8B45-EDB0-40EF-A76E-F5E1401364B5}.Debug|Any CPU.ActiveCfg = Debug|Any CPU
		{9C0B8B45-EDB0-40EF-A76E-F5E1401364B5}.Debug|Any CPU.Build.0 = Debug|Any CPU
		{9C0B8B45-EDB0-40EF-A76E-F5E1401364B5}.Debug|ARM.ActiveCfg = Debug|Any CPU
		{9C0B8B45-EDB0-40EF-A76E-F5E1401364B5}.Debug|ARM.Build.0 = Debug|Any CPU
		{9C0B8B45-EDB0-40EF-A76E-F5E1401364B5}.Debug|ARM64.ActiveCfg = Debug|Any CPU
		{9C0B8B45-EDB0-40EF-A76E-F5E1401364B5}.Debug|ARM64.Build.0 = Debug|Any CPU
		{9C0B8B45-EDB0-40EF-A76E-F5E1401364B5}.Debug|x64.ActiveCfg = Debug|Any CPU
		{9C0B8B45-EDB0-40EF-A76E-F5E1401364B5}.Debug|x64.Build.0 = Debug|Any CPU
		{9C0B8B45-EDB0-40EF-A76E-F5E1401364B5}.Debug|x86.ActiveCfg = Debug|Any CPU
		{9C0B8B45-EDB0-40EF-A76E-F5E1401364B5}.Debug|x86.Build.0 = Debug|Any CPU
		{9C0B8B45-EDB0-40EF-A76E-F5E1401364B5}.Release|Any CPU.ActiveCfg = Release|Any CPU
		{9C0B8B45-EDB0-40EF-A76E-F5E1401364B5}.Release|Any CPU.Build.0 = Release|Any CPU
		{9C0B8B45-EDB0-40EF-A76E-F5E1401364B5}.Release|ARM.ActiveCfg = Release|Any CPU
		{9C0B8B45-EDB0-40EF-A76E-F5E1401364B5}.Release|ARM.Build.0 = Release|Any CPU
		{9C0B8B45-EDB0-40EF-A76E-F5E1401364B5}.Release|ARM64.ActiveCfg = Release|Any CPU
		{9C0B8B45-EDB0-40EF-A76E-F5E1401364B5}.Release|ARM64.Build.0 = Release|Any CPU
		{9C0B8B45-EDB0-40EF-A76E-F5E1401364B5}.Release|x64.ActiveCfg = Release|Any CPU
		{9C0B8B45-EDB0-40EF-A76E-F5E1401364B5}.Release|x64.Build.0 = Release|Any CPU
		{9C0B8B45-EDB0-40EF-A76E-F5E1401364B5}.Release|x86.ActiveCfg = Release|Any CPU
		{9C0B8B45-EDB0-40EF-A76E-F5E1401364B5}.Release|x86.Build.0 = Release|Any CPU
		{B0EE13F0-FEC4-4ACA-8EA5-E1369012C568}.Debug|Any CPU.ActiveCfg = Debug|Any CPU
		{B0EE13F0-FEC4-4ACA-8EA5-E1369012C568}.Debug|Any CPU.Build.0 = Debug|Any CPU
		{B0EE13F0-FEC4-4ACA-8EA5-E1369012C568}.Debug|ARM.ActiveCfg = Debug|Any CPU
		{B0EE13F0-FEC4-4ACA-8EA5-E1369012C568}.Debug|ARM.Build.0 = Debug|Any CPU
		{B0EE13F0-FEC4-4ACA-8EA5-E1369012C568}.Debug|ARM64.ActiveCfg = Debug|Any CPU
		{B0EE13F0-FEC4-4ACA-8EA5-E1369012C568}.Debug|ARM64.Build.0 = Debug|Any CPU
		{B0EE13F0-FEC4-4ACA-8EA5-E1369012C568}.Debug|x64.ActiveCfg = Debug|Any CPU
		{B0EE13F0-FEC4-4ACA-8EA5-E1369012C568}.Debug|x64.Build.0 = Debug|Any CPU
		{B0EE13F0-FEC4-4ACA-8EA5-E1369012C568}.Debug|x86.ActiveCfg = Debug|Any CPU
		{B0EE13F0-FEC4-4ACA-8EA5-E1369012C568}.Debug|x86.Build.0 = Debug|Any CPU
		{B0EE13F0-FEC4-4ACA-8EA5-E1369012C568}.Release|Any CPU.ActiveCfg = Release|Any CPU
		{B0EE13F0-FEC4-4ACA-8EA5-E1369012C568}.Release|Any CPU.Build.0 = Release|Any CPU
		{B0EE13F0-FEC4-4ACA-8EA5-E1369012C568}.Release|ARM.ActiveCfg = Release|Any CPU
		{B0EE13F0-FEC4-4ACA-8EA5-E1369012C568}.Release|ARM.Build.0 = Release|Any CPU
		{B0EE13F0-FEC4-4ACA-8EA5-E1369012C568}.Release|ARM64.ActiveCfg = Release|Any CPU
		{B0EE13F0-FEC4-4ACA-8EA5-E1369012C568}.Release|ARM64.Build.0 = Release|Any CPU
		{B0EE13F0-FEC4-4ACA-8EA5-E1369012C568}.Release|x64.ActiveCfg = Release|Any CPU
		{B0EE13F0-FEC4-4ACA-8EA5-E1369012C568}.Release|x64.Build.0 = Release|Any CPU
		{B0EE13F0-FEC4-4ACA-8EA5-E1369012C568}.Release|x86.ActiveCfg = Release|Any CPU
		{B0EE13F0-FEC4-4ACA-8EA5-E1369012C568}.Release|x86.Build.0 = Release|Any CPU
		{CC36F2B5-39F0-4C1A-A2C3-7D5592B1376A}.Debug|Any CPU.ActiveCfg = Debug|Any CPU
		{CC36F2B5-39F0-4C1A-A2C3-7D5592B1376A}.Debug|Any CPU.Build.0 = Debug|Any CPU
		{CC36F2B5-39F0-4C1A-A2C3-7D5592B1376A}.Debug|ARM.ActiveCfg = Debug|Any CPU
		{CC36F2B5-39F0-4C1A-A2C3-7D5592B1376A}.Debug|ARM.Build.0 = Debug|Any CPU
		{CC36F2B5-39F0-4C1A-A2C3-7D5592B1376A}.Debug|ARM64.ActiveCfg = Debug|Any CPU
		{CC36F2B5-39F0-4C1A-A2C3-7D5592B1376A}.Debug|ARM64.Build.0 = Debug|Any CPU
		{CC36F2B5-39F0-4C1A-A2C3-7D5592B1376A}.Debug|x64.ActiveCfg = Debug|Any CPU
		{CC36F2B5-39F0-4C1A-A2C3-7D5592B1376A}.Debug|x64.Build.0 = Debug|Any CPU
		{CC36F2B5-39F0-4C1A-A2C3-7D5592B1376A}.Debug|x86.ActiveCfg = Debug|Any CPU
		{CC36F2B5-39F0-4C1A-A2C3-7D5592B1376A}.Debug|x86.Build.0 = Debug|Any CPU
		{CC36F2B5-39F0-4C1A-A2C3-7D5592B1376A}.Release|Any CPU.ActiveCfg = Release|Any CPU
		{CC36F2B5-39F0-4C1A-A2C3-7D5592B1376A}.Release|Any CPU.Build.0 = Release|Any CPU
		{CC36F2B5-39F0-4C1A-A2C3-7D5592B1376A}.Release|ARM.ActiveCfg = Release|Any CPU
		{CC36F2B5-39F0-4C1A-A2C3-7D5592B1376A}.Release|ARM.Build.0 = Release|Any CPU
		{CC36F2B5-39F0-4C1A-A2C3-7D5592B1376A}.Release|ARM64.ActiveCfg = Release|Any CPU
		{CC36F2B5-39F0-4C1A-A2C3-7D5592B1376A}.Release|ARM64.Build.0 = Release|Any CPU
		{CC36F2B5-39F0-4C1A-A2C3-7D5592B1376A}.Release|x64.ActiveCfg = Release|Any CPU
		{CC36F2B5-39F0-4C1A-A2C3-7D5592B1376A}.Release|x64.Build.0 = Release|Any CPU
		{CC36F2B5-39F0-4C1A-A2C3-7D5592B1376A}.Release|x86.ActiveCfg = Release|Any CPU
		{CC36F2B5-39F0-4C1A-A2C3-7D5592B1376A}.Release|x86.Build.0 = Release|Any CPU
		{47018A5F-8FD7-4729-929C-94F3C920738F}.Debug|Any CPU.ActiveCfg = Debug|Any CPU
		{47018A5F-8FD7-4729-929C-94F3C920738F}.Debug|Any CPU.Build.0 = Debug|Any CPU
		{47018A5F-8FD7-4729-929C-94F3C920738F}.Debug|ARM.ActiveCfg = Debug|Any CPU
		{47018A5F-8FD7-4729-929C-94F3C920738F}.Debug|ARM.Build.0 = Debug|Any CPU
		{47018A5F-8FD7-4729-929C-94F3C920738F}.Debug|ARM64.ActiveCfg = Debug|Any CPU
		{47018A5F-8FD7-4729-929C-94F3C920738F}.Debug|ARM64.Build.0 = Debug|Any CPU
		{47018A5F-8FD7-4729-929C-94F3C920738F}.Debug|x64.ActiveCfg = Debug|Any CPU
		{47018A5F-8FD7-4729-929C-94F3C920738F}.Debug|x64.Build.0 = Debug|Any CPU
		{47018A5F-8FD7-4729-929C-94F3C920738F}.Debug|x86.ActiveCfg = Debug|Any CPU
		{47018A5F-8FD7-4729-929C-94F3C920738F}.Debug|x86.Build.0 = Debug|Any CPU
		{47018A5F-8FD7-4729-929C-94F3C920738F}.Release|Any CPU.ActiveCfg = Release|Any CPU
		{47018A5F-8FD7-4729-929C-94F3C920738F}.Release|Any CPU.Build.0 = Release|Any CPU
		{47018A5F-8FD7-4729-929C-94F3C920738F}.Release|ARM.ActiveCfg = Release|Any CPU
		{47018A5F-8FD7-4729-929C-94F3C920738F}.Release|ARM.Build.0 = Release|Any CPU
		{47018A5F-8FD7-4729-929C-94F3C920738F}.Release|ARM64.ActiveCfg = Release|Any CPU
		{47018A5F-8FD7-4729-929C-94F3C920738F}.Release|ARM64.Build.0 = Release|Any CPU
		{47018A5F-8FD7-4729-929C-94F3C920738F}.Release|x64.ActiveCfg = Release|Any CPU
		{47018A5F-8FD7-4729-929C-94F3C920738F}.Release|x64.Build.0 = Release|Any CPU
		{47018A5F-8FD7-4729-929C-94F3C920738F}.Release|x86.ActiveCfg = Release|Any CPU
		{47018A5F-8FD7-4729-929C-94F3C920738F}.Release|x86.Build.0 = Release|Any CPU
		{786F7076-4B19-4F72-99DD-F35DE952E7D6}.Debug|Any CPU.ActiveCfg = Debug|Any CPU
		{786F7076-4B19-4F72-99DD-F35DE952E7D6}.Debug|Any CPU.Build.0 = Debug|Any CPU
		{786F7076-4B19-4F72-99DD-F35DE952E7D6}.Debug|ARM.ActiveCfg = Debug|ARM
		{786F7076-4B19-4F72-99DD-F35DE952E7D6}.Debug|ARM.Build.0 = Debug|ARM
		{786F7076-4B19-4F72-99DD-F35DE952E7D6}.Debug|ARM64.ActiveCfg = Debug|ARM64
		{786F7076-4B19-4F72-99DD-F35DE952E7D6}.Debug|ARM64.Build.0 = Debug|ARM64
		{786F7076-4B19-4F72-99DD-F35DE952E7D6}.Debug|x64.ActiveCfg = Debug|x64
		{786F7076-4B19-4F72-99DD-F35DE952E7D6}.Debug|x64.Build.0 = Debug|x64
		{786F7076-4B19-4F72-99DD-F35DE952E7D6}.Debug|x86.ActiveCfg = Debug|x86
		{786F7076-4B19-4F72-99DD-F35DE952E7D6}.Debug|x86.Build.0 = Debug|x86
		{786F7076-4B19-4F72-99DD-F35DE952E7D6}.Release|Any CPU.ActiveCfg = Release|Any CPU
		{786F7076-4B19-4F72-99DD-F35DE952E7D6}.Release|Any CPU.Build.0 = Release|Any CPU
		{786F7076-4B19-4F72-99DD-F35DE952E7D6}.Release|ARM.ActiveCfg = Release|ARM
		{786F7076-4B19-4F72-99DD-F35DE952E7D6}.Release|ARM.Build.0 = Release|ARM
		{786F7076-4B19-4F72-99DD-F35DE952E7D6}.Release|ARM64.ActiveCfg = Release|ARM64
		{786F7076-4B19-4F72-99DD-F35DE952E7D6}.Release|ARM64.Build.0 = Release|ARM64
		{786F7076-4B19-4F72-99DD-F35DE952E7D6}.Release|x64.ActiveCfg = Release|x64
		{786F7076-4B19-4F72-99DD-F35DE952E7D6}.Release|x64.Build.0 = Release|x64
		{786F7076-4B19-4F72-99DD-F35DE952E7D6}.Release|x86.ActiveCfg = Release|x86
		{786F7076-4B19-4F72-99DD-F35DE952E7D6}.Release|x86.Build.0 = Release|x86
		{DCB4CCBA-BE4B-49C9-B90A-1C4E08148353}.Debug|Any CPU.ActiveCfg = Debug|x86
		{DCB4CCBA-BE4B-49C9-B90A-1C4E08148353}.Debug|Any CPU.Build.0 = Debug|x86
		{DCB4CCBA-BE4B-49C9-B90A-1C4E08148353}.Debug|Any CPU.Deploy.0 = Debug|x86
		{DCB4CCBA-BE4B-49C9-B90A-1C4E08148353}.Debug|ARM.ActiveCfg = Debug|ARM
		{DCB4CCBA-BE4B-49C9-B90A-1C4E08148353}.Debug|ARM.Build.0 = Debug|ARM
		{DCB4CCBA-BE4B-49C9-B90A-1C4E08148353}.Debug|ARM.Deploy.0 = Debug|ARM
		{DCB4CCBA-BE4B-49C9-B90A-1C4E08148353}.Debug|ARM64.ActiveCfg = Debug|ARM64
		{DCB4CCBA-BE4B-49C9-B90A-1C4E08148353}.Debug|ARM64.Build.0 = Debug|ARM64
		{DCB4CCBA-BE4B-49C9-B90A-1C4E08148353}.Debug|ARM64.Deploy.0 = Debug|ARM64
		{DCB4CCBA-BE4B-49C9-B90A-1C4E08148353}.Debug|x64.ActiveCfg = Debug|x64
		{DCB4CCBA-BE4B-49C9-B90A-1C4E08148353}.Debug|x64.Build.0 = Debug|x64
		{DCB4CCBA-BE4B-49C9-B90A-1C4E08148353}.Debug|x64.Deploy.0 = Debug|x64
		{DCB4CCBA-BE4B-49C9-B90A-1C4E08148353}.Debug|x86.ActiveCfg = Debug|x86
		{DCB4CCBA-BE4B-49C9-B90A-1C4E08148353}.Debug|x86.Build.0 = Debug|x86
		{DCB4CCBA-BE4B-49C9-B90A-1C4E08148353}.Debug|x86.Deploy.0 = Debug|x86
		{DCB4CCBA-BE4B-49C9-B90A-1C4E08148353}.Release|Any CPU.ActiveCfg = Release|x86
		{DCB4CCBA-BE4B-49C9-B90A-1C4E08148353}.Release|ARM.ActiveCfg = Release|ARM
		{DCB4CCBA-BE4B-49C9-B90A-1C4E08148353}.Release|ARM.Build.0 = Release|ARM
		{DCB4CCBA-BE4B-49C9-B90A-1C4E08148353}.Release|ARM.Deploy.0 = Release|ARM
		{DCB4CCBA-BE4B-49C9-B90A-1C4E08148353}.Release|ARM64.ActiveCfg = Release|ARM64
		{DCB4CCBA-BE4B-49C9-B90A-1C4E08148353}.Release|ARM64.Build.0 = Release|ARM64
		{DCB4CCBA-BE4B-49C9-B90A-1C4E08148353}.Release|ARM64.Deploy.0 = Release|ARM64
		{DCB4CCBA-BE4B-49C9-B90A-1C4E08148353}.Release|x64.ActiveCfg = Release|x64
		{DCB4CCBA-BE4B-49C9-B90A-1C4E08148353}.Release|x64.Build.0 = Release|x64
		{DCB4CCBA-BE4B-49C9-B90A-1C4E08148353}.Release|x64.Deploy.0 = Release|x64
		{DCB4CCBA-BE4B-49C9-B90A-1C4E08148353}.Release|x86.ActiveCfg = Release|x86
		{DCB4CCBA-BE4B-49C9-B90A-1C4E08148353}.Release|x86.Build.0 = Release|x86
		{DCB4CCBA-BE4B-49C9-B90A-1C4E08148353}.Release|x86.Deploy.0 = Release|x86
	EndGlobalSection
	GlobalSection(SolutionProperties) = preSolution
		HideSolutionNode = FALSE
	EndGlobalSection
	GlobalSection(NestedProjects) = preSolution
		{29EB197E-9AB0-4667-8AA7-9BF1D2FDC591} = {E7929450-C7E2-433F-9AB9-7AFC6C418054}
		{9C0B8B45-EDB0-40EF-A76E-F5E1401364B5} = {E7929450-C7E2-433F-9AB9-7AFC6C418054}
		{47018A5F-8FD7-4729-929C-94F3C920738F} = {4231242D-8BE9-4BE8-A6FB-AB9E18CC3683}
		{DCB4CCBA-BE4B-49C9-B90A-1C4E08148353} = {E7929450-C7E2-433F-9AB9-7AFC6C418054}
	EndGlobalSection
	GlobalSection(ExtensibilityGlobals) = postSolution
		SolutionGuid = {EBE8EC40-A988-4401-8C7E-61E1165C7D46}
	EndGlobalSection
EndGlobal
