
Microsoft Visual Studio Solution File, Format Version 12.00
# Visual Studio 14
VisualStudioVersion = 14.0.25123.0
MinimumVisualStudioVersion = 10.0.40219.1
Project("{FAE04EC0-301F-11D3-BF4B-00C04F79EFBC}") = "Firebase.Auth", "Firebase.Auth\Firebase.Auth.csproj", "{70A39FCE-33FB-43BF-B16C-4268354D315D}"
EndProject
Project("{FAE04EC0-301F-11D3-BF4B-00C04F79EFBC}") = "Firebase.Auth.Tests", "Firebase.Auth.Tests\Firebase.Auth.Tests.csproj", "{655E7C1A-A2F2-4505-A92F-58088BB01001}"
EndProject
Global
	GlobalSection(SolutionConfigurationPlatforms) = preSolution
		Debug|Any CPU = Debug|Any CPU
		Release|Any CPU = Release|Any CPU
	EndGlobalSection
	GlobalSection(ProjectConfigurationPlatforms) = postSolution
		{70A39FCE-33FB-43BF-B16C-4268354D315D}.Debug|Any CPU.ActiveCfg = Debug|Any CPU
		{70A39FCE-33FB-43BF-B16C-4268354D315D}.Debug|Any CPU.Build.0 = Debug|Any CPU
		{70A39FCE-33FB-43BF-B16C-4268354D315D}.Release|Any CPU.ActiveCfg = Release|Any CPU
		{70A39FCE-33FB-43BF-B16C-4268354D315D}.Release|Any CPU.Build.0 = Release|Any CPU
		{655E7C1A-A2F2-4505-A92F-58088BB01001}.Debug|Any CPU.ActiveCfg = Debug|Any CPU
		{655E7C1A-A2F2-4505-A92F-58088BB01001}.Debug|Any CPU.Build.0 = Debug|Any CPU
		{655E7C1A-A2F2-4505-A92F-58088BB01001}.Release|Any CPU.ActiveCfg = Release|Any CPU
		{655E7C1A-A2F2-4505-A92F-58088BB01001}.Release|Any CPU.Build.0 = Release|Any CPU
	EndGlobalSection
	GlobalSection(SolutionProperties) = preSolution
		HideSolutionNode = FALSE
	EndGlobalSection
EndGlobal
