
Microsoft Visual Studio Solution File, Format Version 12.00
# Visual Studio Version 16
VisualStudioVersion = 16.0.29409.12
MinimumVisualStudioVersion = 10.0.40219.1
Project("{9A19103F-16F7-4668-BE54-9A1E7A4F7556}") = "Firebase.Auth", "Firebase.Auth\Firebase.Auth.csproj", "{70A39FCE-33FB-43BF-B16C-4268354D315D}"
EndProject
Project("{9A19103F-16F7-4668-BE54-9A1E7A4F7556}") = "Firebase.Auth.Tests", "Firebase.Auth.Tests\Firebase.Auth.Tests.csproj", "{655E7C1A-A2F2-4505-A92F-58088BB01001}"
EndProject
Project("{9A19103F-16F7-4668-BE54-9A1E7A4F7556}") = "Firebase.Auth.Sample", "Firebase.Auth.Console\Firebase.Auth.Sample.csproj", "{29EB197E-9AB0-4667-8AA7-9BF1D2FDC591}"
EndProject
Global
	GlobalSection(SolutionConfigurationPlatforms) = preSolution
		Debug|Any CPU = Debug|Any CPU
		Release|Any CPU = Release|Any CPU
	EndGlobalSection
	GlobalSection(ProjectConfigurationPlatforms) = postSolution
		{70A39FCE-33FB-43BF-B16C-4268354D315D}.Debug|Any CPU.ActiveCfg = Debug|Any CPU
		{70A39FCE-33FB-43BF-B16C-4268354D315D}.Debug|Any CPU.Build.0 = Debug|Any CPU
		{70A39FCE-33FB-43BF-B16C-4268354D315D}.Release|Any CPU.ActiveCfg = Release|Any CPU
		{70A39FCE-33FB-43BF-B16C-4268354D315D}.Release|Any CPU.Build.0 = Release|Any CPU
		{655E7C1A-A2F2-4505-A92F-58088BB01001}.Debug|Any CPU.ActiveCfg = Debug|Any CPU
		{655E7C1A-A2F2-4505-A92F-58088BB01001}.Debug|Any CPU.Build.0 = Debug|Any CPU
		{655E7C1A-A2F2-4505-A92F-58088BB01001}.Release|Any CPU.ActiveCfg = Release|Any CPU
		{655E7C1A-A2F2-4505-A92F-58088BB01001}.Release|Any CPU.Build.0 = Release|Any CPU
		{29EB197E-9AB0-4667-8AA7-9BF1D2FDC591}.Debug|Any CPU.ActiveCfg = Debug|Any CPU
		{29EB197E-9AB0-4667-8AA7-9BF1D2FDC591}.Debug|Any CPU.Build.0 = Debug|Any CPU
		{29EB197E-9AB0-4667-8AA7-9BF1D2FDC591}.Release|Any CPU.ActiveCfg = Release|Any CPU
		{29EB197E-9AB0-4667-8AA7-9BF1D2FDC591}.Release|Any CPU.Build.0 = Release|Any CPU
	EndGlobalSection
	GlobalSection(SolutionProperties) = preSolution
		HideSolutionNode = FALSE
	EndGlobalSection
	GlobalSection(ExtensibilityGlobals) = postSolution
		SolutionGuid = {EBE8EC40-A988-4401-8C7E-61E1165C7D46}
	EndGlobalSection
EndGlobal
